
Microsoft Visual Studio Solution File, Format Version 12.00
# Visual Studio Version 16
VisualStudioVersion = 16.0.30503.244
MinimumVisualStudioVersion = 10.0.40219.1
Project("{2150E333-8FDC-42A3-9474-1A3956D46DE8}") = "_build", "_build", "{6AC1C964-4779-40A7-8322-B4C5964B202E}"
	ProjectSection(SolutionItems) = preProject
		Directory.Build.props = Directory.Build.props
		Directory.Build.targets = Directory.Build.targets
		NuGet.config = NuGet.config
		PackageVersions.props = PackageVersions.props
	EndProjectSection
EndProject
Project("{9A19103F-16F7-4668-BE54-9A1E7A4F7556}") = "Liftr.ACIS", "Liftr.ACIS\Liftr.ACIS.csproj", "{75CD7585-CE14-4D29-A371-D2A1F3F5762B}"
EndProject
Project("{9A19103F-16F7-4668-BE54-9A1E7A4F7556}") = "Liftr.ACIS.Logging", "Liftr.ACIS.Logging\Liftr.ACIS.Logging.csproj", "{1E12913B-604B-4382-A7AF-1309EB480FB8}"
EndProject
Project("{9A19103F-16F7-4668-BE54-9A1E7A4F7556}") = "Liftr.ACIS.Datadog", "Liftr.ACIS.Datadog\Liftr.ACIS.Datadog.csproj", "{B9AFF975-7C38-4596-815E-51CF2D7CD503}"
EndProject
Global
	GlobalSection(SolutionConfigurationPlatforms) = preSolution
		Debug|Any CPU = Debug|Any CPU
		Release|Any CPU = Release|Any CPU
	EndGlobalSection
	GlobalSection(ProjectConfigurationPlatforms) = postSolution
		{75CD7585-CE14-4D29-A371-D2A1F3F5762B}.Debug|Any CPU.ActiveCfg = Debug|Any CPU
		{75CD7585-CE14-4D29-A371-D2A1F3F5762B}.Debug|Any CPU.Build.0 = Debug|Any CPU
		{75CD7585-CE14-4D29-A371-D2A1F3F5762B}.Release|Any CPU.ActiveCfg = Release|Any CPU
		{75CD7585-CE14-4D29-A371-D2A1F3F5762B}.Release|Any CPU.Build.0 = Release|Any CPU
		{1E12913B-604B-4382-A7AF-1309EB480FB8}.Debug|Any CPU.ActiveCfg = Debug|Any CPU
		{1E12913B-604B-4382-A7AF-1309EB480FB8}.Debug|Any CPU.Build.0 = Debug|Any CPU
		{1E12913B-604B-4382-A7AF-1309EB480FB8}.Release|Any CPU.ActiveCfg = Release|Any CPU
		{1E12913B-604B-4382-A7AF-1309EB480FB8}.Release|Any CPU.Build.0 = Release|Any CPU
		{B9AFF975-7C38-4596-815E-51CF2D7CD503}.Debug|Any CPU.ActiveCfg = Debug|Any CPU
		{B9AFF975-7C38-4596-815E-51CF2D7CD503}.Debug|Any CPU.Build.0 = Debug|Any CPU
		{B9AFF975-7C38-4596-815E-51CF2D7CD503}.Release|Any CPU.ActiveCfg = Release|Any CPU
		{B9AFF975-7C38-4596-815E-51CF2D7CD503}.Release|Any CPU.Build.0 = Release|Any CPU
	EndGlobalSection
	GlobalSection(SolutionProperties) = preSolution
		HideSolutionNode = FALSE
	EndGlobalSection
	GlobalSection(ExtensibilityGlobals) = postSolution
		SolutionGuid = {D9242E3A-5A90-4000-8F62-CB4A7AEAF166}
	EndGlobalSection
EndGlobal
