
Microsoft Visual Studio Solution File, Format Version 12.00
# Visual Studio Version 17
VisualStudioVersion = 17.0.31825.309
MinimumVisualStudioVersion = 10.0.40219.1
Project("{2150E333-8FDC-42A3-9474-1A3956D46DE8}") = "_build", "_build", "{6AC1C964-4779-40A7-8322-B4C5964B202E}"
	ProjectSection(SolutionItems) = preProject
		Directory.Build.props = Directory.Build.props
		Directory.Build.targets = Directory.Build.targets
		NuGet.config = NuGet.config
		PackageVersions.props = PackageVersions.props
	EndProjectSection
EndProject
Project("{9A19103F-16F7-4668-BE54-9A1E7A4F7556}") = "Liftr.ACIS", "Liftr.ACIS\Liftr.ACIS.csproj", "{75CD7585-CE14-4D29-A371-D2A1F3F5762B}"
EndProject
Project("{9A19103F-16F7-4668-BE54-9A1E7A4F7556}") = "Liftr.ACIS.Logging", "Liftr.ACIS.Logging\Liftr.ACIS.Logging.csproj", "{1E12913B-604B-4382-A7AF-1309EB480FB8}"
EndProject
Project("{9A19103F-16F7-4668-BE54-9A1E7A4F7556}") = "Liftr.ACIS.Datadog", "Liftr.ACIS.Datadog\Liftr.ACIS.Datadog.csproj", "{B9AFF975-7C38-4596-815E-51CF2D7CD503}"
EndProject
Project("{9A19103F-16F7-4668-BE54-9A1E7A4F7556}") = "Liftr.ACIS.Confluent", "Liftr.ACIS.Confluent\Liftr.ACIS.Confluent.csproj", "{8698814D-925F-4DF8-97DE-717636F1A211}"
EndProject
Project("{9A19103F-16F7-4668-BE54-9A1E7A4F7556}") = "Liftr.ACIS.Logz", "Liftr.ACIS.Logz\Liftr.ACIS.Logz.csproj", "{AC67CA33-B2B4-444A-987F-4F12F1BC52FB}"
EndProject
Project("{9A19103F-16F7-4668-BE54-9A1E7A4F7556}") = "Liftr.ACIS.Elastic", "Liftr.ACIS.Elastic\Liftr.ACIS.Elastic.csproj", "{DE22AD30-B74B-4366-8FB8-691241C4E226}"
EndProject
Project("{9A19103F-16F7-4668-BE54-9A1E7A4F7556}") = "Liftr.ACIS.Dynatrace", "Liftr.ACIS.Dynatrace\Liftr.ACIS.Dynatrace.csproj", "{9B9A21F4-04BA-4DBD-8404-D5DD755E5AF6}"
EndProject
Project("{9A19103F-16F7-4668-BE54-9A1E7A4F7556}") = "Liftr.ACIS.Nginx", "Liftr.ACIS.Nginx\Liftr.ACIS.Nginx.csproj", "{C17D8360-2823-47A7-A14F-8CFAF5AE44C7}"
EndProject
Project("{2150E333-8FDC-42A3-9474-1A3956D46DE8}") = "Solution Items", "Solution Items", "{E81BCABB-58BB-4803-B098-5D25FA78B837}"
	ProjectSection(SolutionItems) = preProject
		.editorconfig = .editorconfig
	EndProjectSection
EndProject
Global
	GlobalSection(SolutionConfigurationPlatforms) = preSolution
		Debug|Any CPU = Debug|Any CPU
		Release|Any CPU = Release|Any CPU
	EndGlobalSection
	GlobalSection(ProjectConfigurationPlatforms) = postSolution
		{75CD7585-CE14-4D29-A371-D2A1F3F5762B}.Debug|Any CPU.ActiveCfg = Debug|Any CPU
		{75CD7585-CE14-4D29-A371-D2A1F3F5762B}.Debug|Any CPU.Build.0 = Debug|Any CPU
		{75CD7585-CE14-4D29-A371-D2A1F3F5762B}.Release|Any CPU.ActiveCfg = Release|Any CPU
		{75CD7585-CE14-4D29-A371-D2A1F3F5762B}.Release|Any CPU.Build.0 = Release|Any CPU
		{1E12913B-604B-4382-A7AF-1309EB480FB8}.Debug|Any CPU.ActiveCfg = Debug|Any CPU
		{1E12913B-604B-4382-A7AF-1309EB480FB8}.Debug|Any CPU.Build.0 = Debug|Any CPU
		{1E12913B-604B-4382-A7AF-1309EB480FB8}.Release|Any CPU.ActiveCfg = Release|Any CPU
		{1E12913B-604B-4382-A7AF-1309EB480FB8}.Release|Any CPU.Build.0 = Release|Any CPU
		{B9AFF975-7C38-4596-815E-51CF2D7CD503}.Debug|Any CPU.ActiveCfg = Debug|Any CPU
		{B9AFF975-7C38-4596-815E-51CF2D7CD503}.Debug|Any CPU.Build.0 = Debug|Any CPU
		{B9AFF975-7C38-4596-815E-51CF2D7CD503}.Release|Any CPU.ActiveCfg = Release|Any CPU
		{B9AFF975-7C38-4596-815E-51CF2D7CD503}.Release|Any CPU.Build.0 = Release|Any CPU
		{8698814D-925F-4DF8-97DE-717636F1A211}.Debug|Any CPU.ActiveCfg = Debug|Any CPU
		{8698814D-925F-4DF8-97DE-717636F1A211}.Debug|Any CPU.Build.0 = Debug|Any CPU
		{8698814D-925F-4DF8-97DE-717636F1A211}.Release|Any CPU.ActiveCfg = Release|Any CPU
		{8698814D-925F-4DF8-97DE-717636F1A211}.Release|Any CPU.Build.0 = Release|Any CPU
		{AC67CA33-B2B4-444A-987F-4F12F1BC52FB}.Debug|Any CPU.ActiveCfg = Debug|Any CPU
		{AC67CA33-B2B4-444A-987F-4F12F1BC52FB}.Debug|Any CPU.Build.0 = Debug|Any CPU
		{AC67CA33-B2B4-444A-987F-4F12F1BC52FB}.Release|Any CPU.ActiveCfg = Release|Any CPU
		{AC67CA33-B2B4-444A-987F-4F12F1BC52FB}.Release|Any CPU.Build.0 = Release|Any CPU
		{DE22AD30-B74B-4366-8FB8-691241C4E226}.Debug|Any CPU.ActiveCfg = Debug|Any CPU
		{DE22AD30-B74B-4366-8FB8-691241C4E226}.Debug|Any CPU.Build.0 = Debug|Any CPU
		{DE22AD30-B74B-4366-8FB8-691241C4E226}.Release|Any CPU.ActiveCfg = Release|Any CPU
		{DE22AD30-B74B-4366-8FB8-691241C4E226}.Release|Any CPU.Build.0 = Release|Any CPU
		{9B9A21F4-04BA-4DBD-8404-D5DD755E5AF6}.Debug|Any CPU.ActiveCfg = Debug|Any CPU
		{9B9A21F4-04BA-4DBD-8404-D5DD755E5AF6}.Debug|Any CPU.Build.0 = Debug|Any CPU
		{9B9A21F4-04BA-4DBD-8404-D5DD755E5AF6}.Release|Any CPU.ActiveCfg = Release|Any CPU
		{9B9A21F4-04BA-4DBD-8404-D5DD755E5AF6}.Release|Any CPU.Build.0 = Release|Any CPU
		{C17D8360-2823-47A7-A14F-8CFAF5AE44C7}.Debug|Any CPU.ActiveCfg = Debug|Any CPU
		{C17D8360-2823-47A7-A14F-8CFAF5AE44C7}.Debug|Any CPU.Build.0 = Debug|Any CPU
		{C17D8360-2823-47A7-A14F-8CFAF5AE44C7}.Release|Any CPU.ActiveCfg = Release|Any CPU
		{C17D8360-2823-47A7-A14F-8CFAF5AE44C7}.Release|Any CPU.Build.0 = Release|Any CPU
	EndGlobalSection
	GlobalSection(SolutionProperties) = preSolution
		HideSolutionNode = FALSE
	EndGlobalSection
	GlobalSection(ExtensibilityGlobals) = postSolution
		SolutionGuid = {D9242E3A-5A90-4000-8F62-CB4A7AEAF166}
	EndGlobalSection
EndGlobal
