
Microsoft Visual Studio Solution File, Format Version 12.00
# Visual Studio Version 16
VisualStudioVersion = 16.0.30503.244
MinimumVisualStudioVersion = 10.0.40219.1
Project("{2150E333-8FDC-42A3-9474-1A3956D46DE8}") = "_build", "_build", "{6AC1C964-4779-40A7-8322-B4C5964B202E}"
	ProjectSection(SolutionItems) = preProject
		Directory.Build.props = Directory.Build.props
		Directory.Build.targets = Directory.Build.targets
		NuGet.config = NuGet.config
		PackageVersions.props = PackageVersions.props
	EndProjectSection
EndProject
Project("{FAE04EC0-301F-11D3-BF4B-00C04F79EFBC}") = "Liftr.ACIS", "Liftr.ACIS\Liftr.ACIS.csproj", "{75CD7585-CE14-4D29-A371-D2A1F3F5762B}"
EndProject
Project("{FAE04EC0-301F-11D3-BF4B-00C04F79EFBC}") = "Liftr.Management", "Liftr.Management\Liftr.Management.csproj", "{A0E841F0-F542-4ED2-AFCD-DC130CCF7E45}"
EndProject
Project("{FAE04EC0-301F-11D3-BF4B-00C04F79EFBC}") = "Liftr.ACIS.Logging", "Liftr.ACIS.Logging\Liftr.ACIS.Logging.csproj", "{1E12913B-604B-4382-A7AF-1309EB480FB8}"
EndProject
Project("{FAE04EC0-301F-11D3-BF4B-00C04F79EFBC}") = "Liftr.ACIS.Logging.Abstractions", "Liftr.ACIS.Logging.Abstractions\Liftr.ACIS.Logging.Abstractions.csproj", "{8658AB05-B4EC-45C6-96F8-44D6AE9ED78B}"
EndProject
Global
	GlobalSection(SolutionConfigurationPlatforms) = preSolution
		Debug|Any CPU = Debug|Any CPU
		Release|Any CPU = Release|Any CPU
	EndGlobalSection
	GlobalSection(ProjectConfigurationPlatforms) = postSolution
		{75CD7585-CE14-4D29-A371-D2A1F3F5762B}.Debug|Any CPU.ActiveCfg = Debug|Any CPU
		{75CD7585-CE14-4D29-A371-D2A1F3F5762B}.Debug|Any CPU.Build.0 = Debug|Any CPU
		{75CD7585-CE14-4D29-A371-D2A1F3F5762B}.Release|Any CPU.ActiveCfg = Release|Any CPU
		{75CD7585-CE14-4D29-A371-D2A1F3F5762B}.Release|Any CPU.Build.0 = Release|Any CPU
		{A0E841F0-F542-4ED2-AFCD-DC130CCF7E45}.Debug|Any CPU.ActiveCfg = Debug|Any CPU
		{A0E841F0-F542-4ED2-AFCD-DC130CCF7E45}.Debug|Any CPU.Build.0 = Debug|Any CPU
		{A0E841F0-F542-4ED2-AFCD-DC130CCF7E45}.Release|Any CPU.ActiveCfg = Release|Any CPU
		{A0E841F0-F542-4ED2-AFCD-DC130CCF7E45}.Release|Any CPU.Build.0 = Release|Any CPU
		{1E12913B-604B-4382-A7AF-1309EB480FB8}.Debug|Any CPU.ActiveCfg = Debug|Any CPU
		{1E12913B-604B-4382-A7AF-1309EB480FB8}.Debug|Any CPU.Build.0 = Debug|Any CPU
		{1E12913B-604B-4382-A7AF-1309EB480FB8}.Release|Any CPU.ActiveCfg = Release|Any CPU
		{1E12913B-604B-4382-A7AF-1309EB480FB8}.Release|Any CPU.Build.0 = Release|Any CPU
		{8658AB05-B4EC-45C6-96F8-44D6AE9ED78B}.Debug|Any CPU.ActiveCfg = Debug|Any CPU
		{8658AB05-B4EC-45C6-96F8-44D6AE9ED78B}.Debug|Any CPU.Build.0 = Debug|Any CPU
		{8658AB05-B4EC-45C6-96F8-44D6AE9ED78B}.Release|Any CPU.ActiveCfg = Release|Any CPU
		{8658AB05-B4EC-45C6-96F8-44D6AE9ED78B}.Release|Any CPU.Build.0 = Release|Any CPU
	EndGlobalSection
	GlobalSection(SolutionProperties) = preSolution
		HideSolutionNode = FALSE
	EndGlobalSection
	GlobalSection(ExtensibilityGlobals) = postSolution
		SolutionGuid = {D9242E3A-5A90-4000-8F62-CB4A7AEAF166}
	EndGlobalSection
EndGlobal
